
Microsoft Visual Studio Solution File, Format Version 12.00
# Visual Studio Version 17
VisualStudioVersion = 17.5.33530.505
MinimumVisualStudioVersion = 10.0.40219.1
Project("{FAE04EC0-301F-11D3-BF4B-00C04F79EFBC}") = "NGO_PJsem3", "NGO_PJsem3.csproj", "{613F8EB3-AFB8-4DF6-8B4D-51B087C17A61}"
EndProject
Global
	GlobalSection(SolutionConfigurationPlatforms) = preSolution
		Debug|Any CPU = Debug|Any CPU
		Release|Any CPU = Release|Any CPU
	EndGlobalSection
	GlobalSection(ProjectConfigurationPlatforms) = postSolution
		{613F8EB3-AFB8-4DF6-8B4D-51B087C17A61}.Debug|Any CPU.ActiveCfg = Debug|Any CPU
		{613F8EB3-AFB8-4DF6-8B4D-51B087C17A61}.Debug|Any CPU.Build.0 = Debug|Any CPU
		{613F8EB3-AFB8-4DF6-8B4D-51B087C17A61}.Release|Any CPU.ActiveCfg = Release|Any CPU
		{613F8EB3-AFB8-4DF6-8B4D-51B087C17A61}.Release|Any CPU.Build.0 = Release|Any CPU
	EndGlobalSection
	GlobalSection(SolutionProperties) = preSolution
		HideSolutionNode = FALSE
	EndGlobalSection
	GlobalSection(ExtensibilityGlobals) = postSolution
		SolutionGuid = {115FF6DB-0CE4-4C77-AF20-A26A4EC18ECE}
	EndGlobalSection
EndGlobal
